github.com/Intellectual-lu/headfirstgo v0.0.0-20230406004704-fddbcbd6c747 h1:2FWbsx3hsTmFdP/ycqFBn+HVGam92BlAyJ/VO56FtQ8=
github.com/Intellectual-lu/headfirstgo v0.0.0-20230406004704-fddbcbd6c747/go.mod h1:XBGpnwQZpVlUBJ7/WTQ5yn7ghTZ6BZvE7baNpT+hsdM=
github.com/Intellectual-lu/headfirstgo v0.0.0-20230406020426-861e1b3d15a9 h1:7eoXoxEGexR/+aTCz4hVIbPIqyFoPXUsECeLFrackII=
github.com/Intellectual-lu/headfirstgo v0.0.0-20230406020426-861e1b3d15a9/go.mod h1:XBGpnwQZpVlUBJ7/WTQ5yn7ghTZ6BZvE7baNpT+hsdM=
github.com/Intellectual-lu/headfirstgo v0.0.0-20230406055803-34f1877aa07b h1:7306BjFCT+n8YH/6NLncrP2Mm0PPGsiKI8o6ishMAb8=
github.com/Intellectual-lu/headfirstgo v0.0.0-20230406055803-34f1877aa07b/go.mod h1:XBGpnwQZpVlUBJ7/WTQ5yn7ghTZ6BZvE7baNpT+hsdM=
github.com/Intellectual-lu/headfirstgo v0.0.0-20230406063507-db3a5ea0d449 h1:RSZz/ygouUL8fhlrTDONSnWo0EAHUHitbLwuQfdtm38=
github.com/Intellectual-lu/headfirstgo v0.0.0-20230406063507-db3a5ea0d449/go.mod h1:XBGpnwQZpVlUBJ7/WTQ5yn7ghTZ6BZvE7baNpT+hsdM=
github.com/Intellectual-lu/headfirstgo v0.0.0-20230406070318-32a2b48df545 h1:Vav4RS9+SukHAbsoMnOQYqgoPW8Mh9LD893x+H2WhD4=
github.com/Intellectual-lu/headfirstgo v0.0.0-20230406070318-32a2b48df545/go.mod h1:XBGpnwQZpVlUBJ7/WTQ5yn7ghTZ6BZvE7baNpT+hsdM=
github.com/Intellectual-lu/headfirstgo v0.0.0-20230407021418-a7158044fd41 h1:sok3JZ8XOatpXS8KX18pjdx5GJLF6Y5EsH8T7CS529I=
github.com/Intellectual-lu/headfirstgo v0.0.0-20230407021418-a7158044fd41/go.mod h1:XBGpnwQZpVlUBJ7/WTQ5yn7ghTZ6BZvE7baNpT+hsdM=
github.com/Intellectual-lu/headfirstgo v0.0.0-20230407023026-273caf35d5f8 h1:pQJmdXcIxkKKxFL3iAPaaq83g3FEV/wyTh//h6buoEY=
github.com/Intellectual-lu/headfirstgo v0.0.0-20230407023026-273caf35d5f8/go.mod h1:XBGpnwQZpVlUBJ7/WTQ5yn7ghTZ6BZvE7baNpT+hsdM=
github.com/headfirstgo/greeting v0.0.0-20190504033635-66e7507184ee h1:Hb9bIxuBldEBCjyExf8LAWdR3V7ikknAHVGfAsP7pA0=
github.com/headfirstgo/greeting v0.0.0-20190504033635-66e7507184ee/go.mod h1:VREJ5Jpvj59lYxvs0Uzt8BtzUg05tqSxp+H67JHSBn8=
